// !$*UTF8*$!
{
	archiveVersion = 1;
	classes = {
	};
	objectVersion = 48;
	objects = {

/* Begin PBXBuildFile section */
		C07A5CC82003D4C800C26EB7 /* AppDelegate.swift in Sources */ = {isa = PBXBuildFile; fileRef = C07A5CC72003D4C800C26EB7 /* AppDelegate.swift */; };
		C07A5CCA2003D4C800C26EB7 /* ViewController.swift in Sources */ = {isa = PBXBuildFile; fileRef = C07A5CC92003D4C800C26EB7 /* ViewController.swift */; };
		C07A5CCD2003D4C800C26EB7 /* Main.storyboard in Resources */ = {isa = PBXBuildFile; fileRef = C07A5CCB2003D4C800C26EB7 /* Main.storyboard */; };
		C07A5CCF2003D4C800C26EB7 /* Assets.xcassets in Resources */ = {isa = PBXBuildFile; fileRef = C07A5CCE2003D4C800C26EB7 /* Assets.xcassets */; };
		C07A5CD22003D4C800C26EB7 /* LaunchScreen.storyboard in Resources */ = {isa = PBXBuildFile; fileRef = C07A5CD02003D4C800C26EB7 /* LaunchScreen.storyboard */; };
		C07A5CDA2003D79500C26EB7 /* pokemon.csv in Resources */ = {isa = PBXBuildFile; fileRef = C07A5CD92003D79500C26EB7 /* pokemon.csv */; };
		C07A5CDD2003D8CB00C26EB7 /* Pokemon.swift in Sources */ = {isa = PBXBuildFile; fileRef = C07A5CDC2003D8CB00C26EB7 /* Pokemon.swift */; };
		C07A5CE22003E12A00C26EB7 /* PokeCell.swift in Sources */ = {isa = PBXBuildFile; fileRef = C07A5CE12003E12A00C26EB7 /* PokeCell.swift */; };
		C07A5CE42003E4DC00C26EB7 /* csv.swift in Sources */ = {isa = PBXBuildFile; fileRef = C07A5CE32003E4DC00C26EB7 /* csv.swift */; };
		C07A5CE6200524F600C26EB7 /* pokemon.ttf in Resources */ = {isa = PBXBuildFile; fileRef = C07A5CE5200524F600C26EB7 /* pokemon.ttf */; };
		C07A5CEC200527CA00C26EB7 /* music.png in Resources */ = {isa = PBXBuildFile; fileRef = C07A5CEA200527CA00C26EB7 /* music.png */; };
		C07A5CEF200527EC00C26EB7 /* back.png in Resources */ = {isa = PBXBuildFile; fileRef = C07A5CEE200527EC00C26EB7 /* back.png */; };
		C07A5CF12005287B00C26EB7 /* music.mp3 in Resources */ = {isa = PBXBuildFile; fileRef = C07A5CF02005287A00C26EB7 /* music.mp3 */; };
/* End PBXBuildFile section */

/* Begin PBXFileReference section */
		C07A5CC42003D4C800C26EB7 /* pokedex3.app */ = {isa = PBXFileReference; explicitFileType = wrapper.application; includeInIndex = 0; path = pokedex3.app; sourceTree = BUILT_PRODUCTS_DIR; };
		C07A5CC72003D4C800C26EB7 /* AppDelegate.swift */ = {isa = PBXFileReference; lastKnownFileType = sourcecode.swift; path = AppDelegate.swift; sourceTree = "<group>"; };
		C07A5CC92003D4C800C26EB7 /* ViewController.swift */ = {isa = PBXFileReference; lastKnownFileType = sourcecode.swift; path = ViewController.swift; sourceTree = "<group>"; };
		C07A5CCC2003D4C800C26EB7 /* Base */ = {isa = PBXFileReference; lastKnownFileType = file.storyboard; name = Base; path = Base.lproj/Main.storyboard; sourceTree = "<group>"; };
		C07A5CCE2003D4C800C26EB7 /* Assets.xcassets */ = {isa = PBXFileReference; lastKnownFileType = folder.assetcatalog; path = Assets.xcassets; sourceTree = "<group>"; };
		C07A5CD12003D4C800C26EB7 /* Base */ = {isa = PBXFileReference; lastKnownFileType = file.storyboard; name = Base; path = Base.lproj/LaunchScreen.storyboard; sourceTree = "<group>"; };
		C07A5CD32003D4C800C26EB7 /* Info.plist */ = {isa = PBXFileReference; lastKnownFileType = text.plist.xml; path = Info.plist; sourceTree = "<group>"; };
		C07A5CD92003D79500C26EB7 /* pokemon.csv */ = {isa = PBXFileReference; fileEncoding = 4; lastKnownFileType = text; path = pokemon.csv; sourceTree = "<group>"; };
		C07A5CDC2003D8CB00C26EB7 /* Pokemon.swift */ = {isa = PBXFileReference; lastKnownFileType = sourcecode.swift; path = Pokemon.swift; sourceTree = "<group>"; };
		C07A5CE12003E12A00C26EB7 /* PokeCell.swift */ = {isa = PBXFileReference; lastKnownFileType = sourcecode.swift; path = PokeCell.swift; sourceTree = "<group>"; };
		C07A5CE32003E4DC00C26EB7 /* csv.swift */ = {isa = PBXFileReference; fileEncoding = 4; lastKnownFileType = sourcecode.swift; path = csv.swift; sourceTree = "<group>"; };
		C07A5CE5200524F600C26EB7 /* pokemon.ttf */ = {isa = PBXFileReference; lastKnownFileType = file; path = pokemon.ttf; sourceTree = "<group>"; };
		C07A5CEA200527CA00C26EB7 /* music.png */ = {isa = PBXFileReference; lastKnownFileType = image.png; path = music.png; sourceTree = "<group>"; };
		C07A5CEE200527EC00C26EB7 /* back.png */ = {isa = PBXFileReference; lastKnownFileType = image.png; name = back.png; path = "../../../../Udemy Videos/iOS 10 & Swift 3 - From Beginner to Paid Professional/Section 5/Pokedex/pokemon-assets/back.png"; sourceTree = "<group>"; };
		C07A5CF02005287A00C26EB7 /* music.mp3 */ = {isa = PBXFileReference; lastKnownFileType = audio.mp3; path = music.mp3; sourceTree = "<group>"; };
/* End PBXFileReference section */

/* Begin PBXFrameworksBuildPhase section */
		C07A5CC12003D4C800C26EB7 /* Frameworks */ = {
			isa = PBXFrameworksBuildPhase;
			buildActionMask = 2147483647;
			files = (
			);
			runOnlyForDeploymentPostprocessing = 0;
		};
/* End PBXFrameworksBuildPhase section */

/* Begin PBXGroup section */
		C07A5CBB2003D4C800C26EB7 = {
			isa = PBXGroup;
			children = (
				C07A5CC62003D4C800C26EB7 /* pokedex3 */,
				C07A5CC52003D4C800C26EB7 /* Products */,
			);
			sourceTree = "<group>";
		};
		C07A5CC52003D4C800C26EB7 /* Products */ = {
			isa = PBXGroup;
			children = (
				C07A5CC42003D4C800C26EB7 /* pokedex3.app */,
			);
			name = Products;
			sourceTree = "<group>";
		};
		C07A5CC62003D4C800C26EB7 /* pokedex3 */ = {
			isa = PBXGroup;
			children = (
				C07A5CDB2003D8A500C26EB7 /* Model */,
				C07A5CE02003E0EF00C26EB7 /* View */,
				C07A5CE72005253400C26EB7 /* Controller */,
				C07A5CC72003D4C800C26EB7 /* AppDelegate.swift */,
				C07A5CE82005255100C26EB7 /* Resources */,
				C07A5CE92005258B00C26EB7 /* Util */,
				C07A5CCE2003D4C800C26EB7 /* Assets.xcassets */,
				C07A5CCB2003D4C800C26EB7 /* Main.storyboard */,
				C07A5CD02003D4C800C26EB7 /* LaunchScreen.storyboard */,
				C07A5CD32003D4C800C26EB7 /* Info.plist */,
			);
			path = pokedex3;
			sourceTree = "<group>";
		};
		C07A5CDB2003D8A500C26EB7 /* Model */ = {
			isa = PBXGroup;
			children = (
				C07A5CDC2003D8CB00C26EB7 /* Pokemon.swift */,
			);
			path = Model;
			sourceTree = "<group>";
		};
		C07A5CE02003E0EF00C26EB7 /* View */ = {
			isa = PBXGroup;
			children = (
				C07A5CE12003E12A00C26EB7 /* PokeCell.swift */,
			);
			path = View;
			sourceTree = "<group>";
		};
		C07A5CE72005253400C26EB7 /* Controller */ = {
			isa = PBXGroup;
			children = (
				C07A5CC92003D4C800C26EB7 /* ViewController.swift */,
			);
			path = Controller;
			sourceTree = "<group>";
		};
		C07A5CE82005255100C26EB7 /* Resources */ = {
			isa = PBXGroup;
			children = (
				C07A5CE5200524F600C26EB7 /* pokemon.ttf */,
				C07A5CD92003D79500C26EB7 /* pokemon.csv */,
				C07A5CEA200527CA00C26EB7 /* music.png */,
				C07A5CEE200527EC00C26EB7 /* back.png */,
				C07A5CF02005287A00C26EB7 /* music.mp3 */,
			);
			path = Resources;
			sourceTree = "<group>";
		};
		C07A5CE92005258B00C26EB7 /* Util */ = {
			isa = PBXGroup;
			children = (
				C07A5CE32003E4DC00C26EB7 /* csv.swift */,
			);
			path = Util;
			sourceTree = "<group>";
		};
/* End PBXGroup section */

/* Begin PBXNativeTarget section */
		C07A5CC32003D4C800C26EB7 /* pokedex3 */ = {
			isa = PBXNativeTarget;
			buildConfigurationList = C07A5CD62003D4C800C26EB7 /* Build configuration list for PBXNativeTarget "pokedex3" */;
			buildPhases = (
				C07A5CC02003D4C800C26EB7 /* Sources */,
				C07A5CC12003D4C800C26EB7 /* Frameworks */,
				C07A5CC22003D4C800C26EB7 /* Resources */,
			);
			buildRules = (
			);
			dependencies = (
			);
			name = pokedex3;
			productName = pokedex3;
			productReference = C07A5CC42003D4C800C26EB7 /* pokedex3.app */;
			productType = "com.apple.product-type.application";
		};
/* End PBXNativeTarget section */

/* Begin PBXProject section */
		C07A5CBC2003D4C800C26EB7 /* Project object */ = {
			isa = PBXProject;
			attributes = {
				LastSwiftUpdateCheck = 0920;
				LastUpgradeCheck = 0920;
				ORGANIZATIONNAME = "Brandon Watkins";
				TargetAttributes = {
					C07A5CC32003D4C800C26EB7 = {
						CreatedOnToolsVersion = 9.2;
						ProvisioningStyle = Automatic;
					};
				};
			};
			buildConfigurationList = C07A5CBF2003D4C800C26EB7 /* Build configuration list for PBXProject "pokedex3" */;
			compatibilityVersion = "Xcode 8.0";
			developmentRegion = en;
			hasScannedForEncodings = 0;
			knownRegions = (
				en,
				Base,
			);
			mainGroup = C07A5CBB2003D4C800C26EB7;
			productRefGroup = C07A5CC52003D4C800C26EB7 /* Products */;
			projectDirPath = "";
			projectRoot = "";
			targets = (
				C07A5CC32003D4C800C26EB7 /* pokedex3 */,
			);
		};
/* End PBXProject section */

/* Begin PBXResourcesBuildPhase section */
		C07A5CC22003D4C800C26EB7 /* Resources */ = {
			isa = PBXResourcesBuildPhase;
			buildActionMask = 2147483647;
			files = (
				C07A5CF12005287B00C26EB7 /* music.mp3 in Resources */,
				C07A5CE6200524F600C26EB7 /* pokemon.ttf in Resources */,
				C07A5CD22003D4C800C26EB7 /* LaunchScreen.storyboard in Resources */,
				C07A5CCF2003D4C800C26EB7 /* Assets.xcassets in Resources */,
				C07A5CDA2003D79500C26EB7 /* pokemon.csv in Resources */,
				C07A5CEF200527EC00C26EB7 /* back.png in Resources */,
				C07A5CCD2003D4C800C26EB7 /* Main.storyboard in Resources */,
				C07A5CEC200527CA00C26EB7 /* music.png in Resources */,
			);
			runOnlyForDeploymentPostprocessing = 0;
		};
/* End PBXResourcesBuildPhase section */

/* Begin PBXSourcesBuildPhase section */
		C07A5CC02003D4C800C26EB7 /* Sources */ = {
			isa = PBXSourcesBuildPhase;
			buildActionMask = 2147483647;
			files = (
				C07A5CCA2003D4C800C26EB7 /* ViewController.swift in Sources */,
				C07A5CC82003D4C800C26EB7 /* AppDelegate.swift in Sources */,
				C07A5CE22003E12A00C26EB7 /* PokeCell.swift in Sources */,
				C07A5CDD2003D8CB00C26EB7 /* Pokemon.swift in Sources */,
				C07A5CE42003E4DC00C26EB7 /* csv.swift in Sources */,
			);
			runOnlyForDeploymentPostprocessing = 0;
		};
/* End PBXSourcesBuildPhase section */

/* Begin PBXVariantGroup section */
		C07A5CCB2003D4C800C26EB7 /* Main.storyboard */ = {
			isa = PBXVariantGroup;
			children = (
				C07A5CCC2003D4C800C26EB7 /* Base */,
			);
			name = Main.storyboard;
			sourceTree = "<group>";
		};
		C07A5CD02003D4C800C26EB7 /* LaunchScreen.storyboard */ = {
			isa = PBXVariantGroup;
			children = (
				C07A5CD12003D4C800C26EB7 /* Base */,
			);
			name = LaunchScreen.storyboard;
			sourceTree = "<group>";
		};
/* End PBXVariantGroup section */

/* Begin XCBuildConfiguration section */
		C07A5CD42003D4C800C26EB7 /* Debug */ = {
			isa = XCBuildConfiguration;
			buildSettings = {
				ALWAYS_SEARCH_USER_PATHS = NO;
				CLANG_ANALYZER_NONNULL = YES;
				CLANG_ANALYZER_NUMBER_OBJECT_CONVERSION = YES_AGGRESSIVE;
				CLANG_CXX_LANGUAGE_STANDARD = "gnu++14";
				CLANG_CXX_LIBRARY = "libc++";
				CLANG_ENABLE_MODULES = YES;
				CLANG_ENABLE_OBJC_ARC = YES;
				CLANG_WARN_BLOCK_CAPTURE_AUTORELEASING = YES;
				CLANG_WARN_BOOL_CONVERSION = YES;
				CLANG_WARN_COMMA = YES;
				CLANG_WARN_CONSTANT_CONVERSION = YES;
				CLANG_WARN_DIRECT_OBJC_ISA_USAGE = YES_ERROR;
				CLANG_WARN_DOCUMENTATION_COMMENTS = YES;
				CLANG_WARN_EMPTY_BODY = YES;
				CLANG_WARN_ENUM_CONVERSION = YES;
				CLANG_WARN_INFINITE_RECURSION = YES;
				CLANG_WARN_INT_CONVERSION = YES;
				CLANG_WARN_NON_LITERAL_NULL_CONVERSION = YES;
				CLANG_WARN_OBJC_LITERAL_CONVERSION = YES;
				CLANG_WARN_OBJC_ROOT_CLASS = YES_ERROR;
				CLANG_WARN_RANGE_LOOP_ANALYSIS = YES;
				CLANG_WARN_STRICT_PROTOTYPES = YES;
				CLANG_WARN_SUSPICIOUS_MOVE = YES;
				CLANG_WARN_UNGUARDED_AVAILABILITY = YES_AGGRESSIVE;
				CLANG_WARN_UNREACHABLE_CODE = YES;
				CLANG_WARN__DUPLICATE_METHOD_MATCH = YES;
				CODE_SIGN_IDENTITY = "iPhone Developer";
				COPY_PHASE_STRIP = NO;
				DEBUG_INFORMATION_FORMAT = dwarf;
				ENABLE_STRICT_OBJC_MSGSEND = YES;
				ENABLE_TESTABILITY = YES;
				GCC_C_LANGUAGE_STANDARD = gnu11;
				GCC_DYNAMIC_NO_PIC = NO;
				GCC_NO_COMMON_BLOCKS = YES;
				GCC_OPTIMIZATION_LEVEL = 0;
				GCC_PREPROCESSOR_DEFINITIONS = (
					"DEBUG=1",
					"$(inherited)",
				);
				GCC_WARN_64_TO_32_BIT_CONVERSION = YES;
				GCC_WARN_ABOUT_RETURN_TYPE = YES_ERROR;
				GCC_WARN_UNDECLARED_SELECTOR = YES;
				GCC_WARN_UNINITIALIZED_AUTOS = YES_AGGRESSIVE;
				GCC_WARN_UNUSED_FUNCTION = YES;
				GCC_WARN_UNUSED_VARIABLE = YES;
				IPHONEOS_DEPLOYMENT_TARGET = 11.2;
				MTL_ENABLE_DEBUG_INFO = YES;
				ONLY_ACTIVE_ARCH = YES;
				SDKROOT = iphoneos;
				SWIFT_ACTIVE_COMPILATION_CONDITIONS = DEBUG;
				SWIFT_OPTIMIZATION_LEVEL = "-Onone";
			};
			name = Debug;
		};
		C07A5CD52003D4C800C26EB7 /* Release */ = {
			isa = XCBuildConfiguration;
			buildSettings = {
				ALWAYS_SEARCH_USER_PATHS = NO;
				CLANG_ANALYZER_NONNULL = YES;
				CLANG_ANALYZER_NUMBER_OBJECT_CONVERSION = YES_AGGRESSIVE;
				CLANG_CXX_LANGUAGE_STANDARD = "gnu++14";
				CLANG_CXX_LIBRARY = "libc++";
				CLANG_ENABLE_MODULES = YES;
				CLANG_ENABLE_OBJC_ARC = YES;
				CLANG_WARN_BLOCK_CAPTURE_AUTORELEASING = YES;
				CLANG_WARN_BOOL_CONVERSION = YES;
				CLANG_WARN_COMMA = YES;
				CLANG_WARN_CONSTANT_CONVERSION = YES;
				CLANG_WARN_DIRECT_OBJC_ISA_USAGE = YES_ERROR;
				CLANG_WARN_DOCUMENTATION_COMMENTS = YES;
				CLANG_WARN_EMPTY_BODY = YES;
				CLANG_WARN_ENUM_CONVERSION = YES;
				CLANG_WARN_INFINITE_RECURSION = YES;
				CLANG_WARN_INT_CONVERSION = YES;
				CLANG_WARN_NON_LITERAL_NULL_CONVERSION = YES;
				CLANG_WARN_OBJC_LITERAL_CONVERSION = YES;
				CLANG_WARN_OBJC_ROOT_CLASS = YES_ERROR;
				CLANG_WARN_RANGE_LOOP_ANALYSIS = YES;
				CLANG_WARN_STRICT_PROTOTYPES = YES;
				CLANG_WARN_SUSPICIOUS_MOVE = YES;
				CLANG_WARN_UNGUARDED_AVAILABILITY = YES_AGGRESSIVE;
				CLANG_WARN_UNREACHABLE_CODE = YES;
				CLANG_WARN__DUPLICATE_METHOD_MATCH = YES;
				CODE_SIGN_IDENTITY = "iPhone Developer";
				COPY_PHASE_STRIP = NO;
				DEBUG_INFORMATION_FORMAT = "dwarf-with-dsym";
				ENABLE_NS_ASSERTIONS = NO;
				ENABLE_STRICT_OBJC_MSGSEND = YES;
				GCC_C_LANGUAGE_STANDARD = gnu11;
				GCC_NO_COMMON_BLOCKS = YES;
				GCC_WARN_64_TO_32_BIT_CONVERSION = YES;
				GCC_WARN_ABOUT_RETURN_TYPE = YES_ERROR;
				GCC_WARN_UNDECLARED_SELECTOR = YES;
				GCC_WARN_UNINITIALIZED_AUTOS = YES_AGGRESSIVE;
				GCC_WARN_UNUSED_FUNCTION = YES;
				GCC_WARN_UNUSED_VARIABLE = YES;
				IPHONEOS_DEPLOYMENT_TARGET = 11.2;
				MTL_ENABLE_DEBUG_INFO = NO;
				SDKROOT = iphoneos;
				SWIFT_OPTIMIZATION_LEVEL = "-Owholemodule";
				VALIDATE_PRODUCT = YES;
			};
			name = Release;
		};
		C07A5CD72003D4C800C26EB7 /* Debug */ = {
			isa = XCBuildConfiguration;
			buildSettings = {
				ASSETCATALOG_COMPILER_APPICON_NAME = AppIcon;
				CODE_SIGN_STYLE = Automatic;
				DEVELOPMENT_TEAM = N5LPQQ4637;
				INFOPLIST_FILE = pokedex3/Info.plist;
				LD_RUNPATH_SEARCH_PATHS = "$(inherited) @executable_path/Frameworks";
				PRODUCT_BUNDLE_IDENTIFIER = com.brandonwatkins.pokedex3;
				PRODUCT_NAME = "$(TARGET_NAME)";
				SWIFT_VERSION = 4.0;
				TARGETED_DEVICE_FAMILY = "1,2";
			};
			name = Debug;
		};
		C07A5CD82003D4C800C26EB7 /* Release */ = {
			isa = XCBuildConfiguration;
			buildSettings = {
				ASSETCATALOG_COMPILER_APPICON_NAME = AppIcon;
				CODE_SIGN_STYLE = Automatic;
				DEVELOPMENT_TEAM = N5LPQQ4637;
				INFOPLIST_FILE = pokedex3/Info.plist;
				LD_RUNPATH_SEARCH_PATHS = "$(inherited) @executable_path/Frameworks";
				PRODUCT_BUNDLE_IDENTIFIER = com.brandonwatkins.pokedex3;
				PRODUCT_NAME = "$(TARGET_NAME)";
				SWIFT_VERSION = 4.0;
				TARGETED_DEVICE_FAMILY = "1,2";
			};
			name = Release;
		};
/* End XCBuildConfiguration section */

/* Begin XCConfigurationList section */
		C07A5CBF2003D4C800C26EB7 /* Build configuration list for PBXProject "pokedex3" */ = {
			isa = XCConfigurationList;
			buildConfigurations = (
				C07A5CD42003D4C800C26EB7 /* Debug */,
				C07A5CD52003D4C800C26EB7 /* Release */,
			);
			defaultConfigurationIsVisible = 0;
			defaultConfigurationName = Release;
		};
		C07A5CD62003D4C800C26EB7 /* Build configuration list for PBXNativeTarget "pokedex3" */ = {
			isa = XCConfigurationList;
			buildConfigurations = (
				C07A5CD72003D4C800C26EB7 /* Debug */,
				C07A5CD82003D4C800C26EB7 /* Release */,
			);
			defaultConfigurationIsVisible = 0;
			defaultConfigurationName = Release;
		};
/* End XCConfigurationList section */
	};
	rootObject = C07A5CBC2003D4C800C26EB7 /* Project object */;
}
